
Microsoft Visual Studio Solution File, Format Version 12.00
# Visual Studio Version 17
VisualStudioVersion = 17.14.36301.6 d17.14
MinimumVisualStudioVersion = 10.0.40219.1
Project("{FAE04EC0-301F-11D3-BF4B-00C04F79EFBC}") = "Tarea 3-4_P3", "Tarea 3-4_P3\Tarea 3-4_P3.csproj", "{2795E089-B2B4-4377-BB76-BA2EFB93ECED}"
EndProject
Global
	GlobalSection(SolutionConfigurationPlatforms) = preSolution
		Debug|Any CPU = Debug|Any CPU
		Release|Any CPU = Release|Any CPU
	EndGlobalSection
	GlobalSection(ProjectConfigurationPlatforms) = postSolution
		{2795E089-B2B4-4377-BB76-BA2EFB93ECED}.Debug|Any CPU.ActiveCfg = Debug|Any CPU
		{2795E089-B2B4-4377-BB76-BA2EFB93ECED}.Debug|Any CPU.Build.0 = Debug|Any CPU
		{2795E089-B2B4-4377-BB76-BA2EFB93ECED}.Release|Any CPU.ActiveCfg = Release|Any CPU
		{2795E089-B2B4-4377-BB76-BA2EFB93ECED}.Release|Any CPU.Build.0 = Release|Any CPU
	EndGlobalSection
	GlobalSection(SolutionProperties) = preSolution
		HideSolutionNode = FALSE
	EndGlobalSection
	GlobalSection(ExtensibilityGlobals) = postSolution
		SolutionGuid = {467E5D79-5019-4609-9253-D418B592D0FE}
	EndGlobalSection
EndGlobal
